
Microsoft Visual Studio Solution File, Format Version 12.00
# Visual Studio Version 17
VisualStudioVersion = 17.12.35527.113 d17.12
MinimumVisualStudioVersion = 10.0.40219.1
Project("{FAE04EC0-301F-11D3-BF4B-00C04F79EFBC}") = "Container-Testing", "Container-Testing.csproj", "{E207E905-8336-4996-B2A8-40D1D0F5738D}"
EndProject
Global
	GlobalSection(SolutionConfigurationPlatforms) = preSolution
		Debug|Any CPU = Debug|Any CPU
		Release|Any CPU = Release|Any CPU
	EndGlobalSection
	GlobalSection(ProjectConfigurationPlatforms) = postSolution
		{E207E905-8336-4996-B2A8-40D1D0F5738D}.Debug|Any CPU.ActiveCfg = Debug|Any CPU
		{E207E905-8336-4996-B2A8-40D1D0F5738D}.Debug|Any CPU.Build.0 = Debug|Any CPU
		{E207E905-8336-4996-B2A8-40D1D0F5738D}.Release|Any CPU.ActiveCfg = Release|Any CPU
		{E207E905-8336-4996-B2A8-40D1D0F5738D}.Release|Any CPU.Build.0 = Release|Any CPU
	EndGlobalSection
	GlobalSection(SolutionProperties) = preSolution
		HideSolutionNode = FALSE
	EndGlobalSection
EndGlobal
